<?xml version="1.0" encoding="UTF-8"?>
<Scheme
   LastUpgradeVersion = "2600"
   version = "1.7">
   <BuildAction
      parallelizeBuildables = "YES"
      buildImplicitDependencies = "YES"
      buildArchitectures = "Automatic">
      <BuildActionEntries>
         <BuildActionEntry
            buildForTesting = "YES"
            buildForRunning = "YES"
            buildForProfiling = "YES"
            buildForArchiving = "YES"
            buildForAnalyzing = "YES">
            <BuildableReference
               BuildableIdentifier = "primary"
               BlueprintIdentifier = "B7F09AE82EB51F050055A7BE"
               BuildableName = "wireguardZoomAutomation.app"
               BlueprintName = "wireguardZoomAutomation"
               ReferencedContainer = "container:wireguardZoomAutomation.xcodeproj">
            </BuildableReference>
         </BuildActionEntry>
         <BuildActionEntry
            buildForTesting = "YES"
            buildForRunning = "YES"
            buildForProfiling = "YES"
            buildForArchiving = "YES"
            buildForAnalyzing = "YES">
            <BuildableReference
               BuildableIdentifier = "primary"
               BlueprintIdentifier = "B7F09B182EB51F6C0055A7BE"
               BuildableName = "ZoomDualUITests.xctest"
               BlueprintName = "ZoomDualUITests"
               ReferencedContainer = "container:wireguardZoomAutomation.xcodeproj">
            </BuildableReference>
         </BuildActionEntry>
      </BuildActionEntries>
   </BuildAction>
   <TestAction
      buildConfiguration = "Debug"
      selectedDebuggerIdentifier = "Xcode.DebuggerFoundation.Debugger.LLDB"
      selectedLauncherIdentifier = "Xcode.DebuggerFoundation.Launcher.LLDB"
      shouldUseLaunchSchemeArgsEnv = "YES">
      <TestPlans>
         <TestPlanReference
            reference = "container:wireguardZoomAutomation.xctestplan"
            default = "YES">
         </TestPlanReference>
      </TestPlans>
      <Testables>
         <TestableReference
            skipped = "NO"
            parallelizable = "NO">
            <BuildableReference
               BuildableIdentifier = "primary"
               BlueprintIdentifier = "B7F09AF72EB51F060055A7BE"
               BuildableName = "wireguardZoomAutomationTests.xctest"
               BlueprintName = "wireguardZoomAutomationTests"
               ReferencedContainer = "container:wireguardZoomAutomation.xcodeproj">
            </BuildableReference>
            <SkippedTests>
               <Test
                  Identifier = "wireguardZoomAutomationTests">
               </Test>
               <Test
                  Identifier = "wireguardZoomAutomationTests/example()">
               </Test>
            </SkippedTests>
         </TestableReference>
         <TestableReference
            skipped = "YES"
            parallelizable = "YES">
            <BuildableReference
               BuildableIdentifier = "primary"
               BlueprintIdentifier = "B7F09B012EB51F060055A7BE"
               BuildableName = "wireguardZoomAutomationUITests.xctest"
               BlueprintName = "wireguardZoomAutomationUITests"
               ReferencedContainer = "container:wireguardZoomAutomation.xcodeproj">
            </BuildableReference>
         </TestableReference>
         <TestableReference
            skipped = "NO">
            <BuildableReference
               BuildableIdentifier = "primary"
               BlueprintIdentifier = "B7F09B182EB51F6C0055A7BE"
               BuildableName = "ZoomDualUITests.xctest"
               BlueprintName = "ZoomDualUITests"
               ReferencedContainer = "container:wireguardZoomAutomation.xcodeproj">
            </BuildableReference>
         </TestableReference>
      </Testables>
   </TestAction>
   <LaunchAction
      buildConfiguration = "Debug"
      selectedDebuggerIdentifier = "Xcode.DebuggerFoundation.Debugger.LLDB"
      selectedLauncherIdentifier = "Xcode.DebuggerFoundation.Launcher.LLDB"
      launchStyle = "0"
      useCustomWorkingDirectory = "NO"
      ignoresPersistentStateOnLaunch = "NO"
      debugDocumentVersioning = "YES"
      debugServiceExtension = "internal"
      allowLocationSimulation = "YES">
      <BuildableProductRunnable
         runnableDebuggingMode = "0">
         <BuildableReference
            BuildableIdentifier = "primary"
            BlueprintIdentifier = "B7F09AE82EB51F050055A7BE"
            BuildableName = "wireguardZoomAutomation.app"
            BlueprintName = "wireguardZoomAutomation"
            ReferencedContainer = "container:wireguardZoomAutomation.xcodeproj">
         </BuildableReference>
      </BuildableProductRunnable>
   </LaunchAction>
   <ProfileAction
      buildConfiguration = "Release"
      shouldUseLaunchSchemeArgsEnv = "YES"
      savedToolIdentifier = ""
      useCustomWorkingDirectory = "NO"
      debugDocumentVersioning = "YES">
      <BuildableProductRunnable
         runnableDebuggingMode = "0">
         <BuildableReference
            BuildableIdentifier = "primary"
            BlueprintIdentifier = "B7F09AE82EB51F050055A7BE"
            BuildableName = "wireguardZoomAutomation.app"
            BlueprintName = "wireguardZoomAutomation"
            ReferencedContainer = "container:wireguardZoomAutomation.xcodeproj">
         </BuildableReference>
      </BuildableProductRunnable>
   </ProfileAction>
   <AnalyzeAction
      buildConfiguration = "Debug">
   </AnalyzeAction>
   <ArchiveAction
      buildConfiguration = "Release"
      revealArchiveInOrganizer = "YES">
   </ArchiveAction>
</Scheme>
