// !$*UTF8*$!
{
	archiveVersion = 1;
	classes = {
	};
	objectVersion = 77;
	objects = {

/* Begin PBXContainerItemProxy section */
		B7F09AF92EB51F060055A7BE /* PBXContainerItemProxy */ = {
			isa = PBXContainerItemProxy;
			containerPortal = B7F09AE12EB51F050055A7BE /* Project object */;
			proxyType = 1;
			remoteGlobalIDString = B7F09AE82EB51F050055A7BE;
			remoteInfo = wireguardZoomAutomation;
		};
		B7F09B032EB51F060055A7BE /* PBXContainerItemProxy */ = {
			isa = PBXContainerItemProxy;
			containerPortal = B7F09AE12EB51F050055A7BE /* Project object */;
			proxyType = 1;
			remoteGlobalIDString = B7F09AE82EB51F050055A7BE;
			remoteInfo = wireguardZoomAutomation;
		};
		B7F09B1F2EB51F6C0055A7BE /* PBXContainerItemProxy */ = {
			isa = PBXContainerItemProxy;
			containerPortal = B7F09AE12EB51F050055A7BE /* Project object */;
			proxyType = 1;
			remoteGlobalIDString = B7F09AE82EB51F050055A7BE;
			remoteInfo = wireguardZoomAutomation;
		};
/* End PBXContainerItemProxy section */

/* Begin PBXFileReference section */
		B7DEA96C2EB68B2600256EA1 /* wireguardZoomAutomation.xctestplan */ = {isa = PBXFileReference; lastKnownFileType = text; path = wireguardZoomAutomation.xctestplan; sourceTree = "<group>"; };
		B7F09AE92EB51F050055A7BE /* wireguardZoomAutomation.app */ = {isa = PBXFileReference; explicitFileType = wrapper.application; includeInIndex = 0; path = wireguardZoomAutomation.app; sourceTree = BUILT_PRODUCTS_DIR; };
		B7F09AF82EB51F060055A7BE /* wireguardZoomAutomationTests.xctest */ = {isa = PBXFileReference; explicitFileType = wrapper.cfbundle; includeInIndex = 0; path = wireguardZoomAutomationTests.xctest; sourceTree = BUILT_PRODUCTS_DIR; };
		B7F09B022EB51F060055A7BE /* wireguardZoomAutomationUITests.xctest */ = {isa = PBXFileReference; explicitFileType = wrapper.cfbundle; includeInIndex = 0; path = wireguardZoomAutomationUITests.xctest; sourceTree = BUILT_PRODUCTS_DIR; };
		B7F09B192EB51F6C0055A7BE /* ZoomDualUITests.xctest */ = {isa = PBXFileReference; explicitFileType = wrapper.cfbundle; includeInIndex = 0; path = ZoomDualUITests.xctest; sourceTree = BUILT_PRODUCTS_DIR; };
/* End PBXFileReference section */

/* Begin PBXFileSystemSynchronizedRootGroup section */
		B7F09AEB2EB51F050055A7BE /* wireguardZoomAutomation */ = {
			isa = PBXFileSystemSynchronizedRootGroup;
			path = wireguardZoomAutomation;
			sourceTree = "<group>";
		};
		B7F09AFB2EB51F060055A7BE /* wireguardZoomAutomationTests */ = {
			isa = PBXFileSystemSynchronizedRootGroup;
			path = wireguardZoomAutomationTests;
			sourceTree = "<group>";
		};
		B7F09B052EB51F060055A7BE /* wireguardZoomAutomationUITests */ = {
			isa = PBXFileSystemSynchronizedRootGroup;
			path = wireguardZoomAutomationUITests;
			sourceTree = "<group>";
		};
		B7F09B1A2EB51F6C0055A7BE /* ZoomDualUITests */ = {
			isa = PBXFileSystemSynchronizedRootGroup;
			path = ZoomDualUITests;
			sourceTree = "<group>";
		};
/* End PBXFileSystemSynchronizedRootGroup section */

/* Begin PBXFrameworksBuildPhase section */
		B7F09AE62EB51F050055A7BE /* Frameworks */ = {
			isa = PBXFrameworksBuildPhase;
			buildActionMask = 2147483647;
			files = (
			);
			runOnlyForDeploymentPostprocessing = 0;
		};
		B7F09AF52EB51F060055A7BE /* Frameworks */ = {
			isa = PBXFrameworksBuildPhase;
			buildActionMask = 2147483647;
			files = (
			);
			runOnlyForDeploymentPostprocessing = 0;
		};
		B7F09AFF2EB51F060055A7BE /* Frameworks */ = {
			isa = PBXFrameworksBuildPhase;
			buildActionMask = 2147483647;
			files = (
			);
			runOnlyForDeploymentPostprocessing = 0;
		};
		B7F09B162EB51F6C0055A7BE /* Frameworks */ = {
			isa = PBXFrameworksBuildPhase;
			buildActionMask = 2147483647;
			files = (
			);
			runOnlyForDeploymentPostprocessing = 0;
		};
/* End PBXFrameworksBuildPhase section */

/* Begin PBXGroup section */
		B7F09AE02EB51F050055A7BE = {
			isa = PBXGroup;
			children = (
				B7DEA96C2EB68B2600256EA1 /* wireguardZoomAutomation.xctestplan */,
				B7F09AEB2EB51F050055A7BE /* wireguardZoomAutomation */,
				B7F09AFB2EB51F060055A7BE /* wireguardZoomAutomationTests */,
				B7F09B052EB51F060055A7BE /* wireguardZoomAutomationUITests */,
				B7F09B1A2EB51F6C0055A7BE /* ZoomDualUITests */,
				B7F09AEA2EB51F050055A7BE /* Products */,
			);
			sourceTree = "<group>";
		};
		B7F09AEA2EB51F050055A7BE /* Products */ = {
			isa = PBXGroup;
			children = (
				B7F09AE92EB51F050055A7BE /* wireguardZoomAutomation.app */,
				B7F09AF82EB51F060055A7BE /* wireguardZoomAutomationTests.xctest */,
				B7F09B022EB51F060055A7BE /* wireguardZoomAutomationUITests.xctest */,
				B7F09B192EB51F6C0055A7BE /* ZoomDualUITests.xctest */,
			);
			name = Products;
			sourceTree = "<group>";
		};
/* End PBXGroup section */

/* Begin PBXNativeTarget section */
		B7F09AE82EB51F050055A7BE /* wireguardZoomAutomation */ = {
			isa = PBXNativeTarget;
			buildConfigurationList = B7F09B0C2EB51F060055A7BE /* Build configuration list for PBXNativeTarget "wireguardZoomAutomation" */;
			buildPhases = (
				B7F09AE52EB51F050055A7BE /* Sources */,
				B7F09AE62EB51F050055A7BE /* Frameworks */,
				B7F09AE72EB51F050055A7BE /* Resources */,
			);
			buildRules = (
			);
			dependencies = (
			);
			fileSystemSynchronizedGroups = (
				B7F09AEB2EB51F050055A7BE /* wireguardZoomAutomation */,
			);
			name = wireguardZoomAutomation;
			packageProductDependencies = (
			);
			productName = wireguardZoomAutomation;
			productReference = B7F09AE92EB51F050055A7BE /* wireguardZoomAutomation.app */;
			productType = "com.apple.product-type.application";
		};
		B7F09AF72EB51F060055A7BE /* wireguardZoomAutomationTests */ = {
			isa = PBXNativeTarget;
			buildConfigurationList = B7F09B0F2EB51F060055A7BE /* Build configuration list for PBXNativeTarget "wireguardZoomAutomationTests" */;
			buildPhases = (
				B7F09AF42EB51F060055A7BE /* Sources */,
				B7F09AF52EB51F060055A7BE /* Frameworks */,
				B7F09AF62EB51F060055A7BE /* Resources */,
			);
			buildRules = (
			);
			dependencies = (
				B7F09AFA2EB51F060055A7BE /* PBXTargetDependency */,
			);
			fileSystemSynchronizedGroups = (
				B7F09AFB2EB51F060055A7BE /* wireguardZoomAutomationTests */,
			);
			name = wireguardZoomAutomationTests;
			packageProductDependencies = (
			);
			productName = wireguardZoomAutomationTests;
			productReference = B7F09AF82EB51F060055A7BE /* wireguardZoomAutomationTests.xctest */;
			productType = "com.apple.product-type.bundle.unit-test";
		};
		B7F09B012EB51F060055A7BE /* wireguardZoomAutomationUITests */ = {
			isa = PBXNativeTarget;
			buildConfigurationList = B7F09B122EB51F060055A7BE /* Build configuration list for PBXNativeTarget "wireguardZoomAutomationUITests" */;
			buildPhases = (
				B7F09AFE2EB51F060055A7BE /* Sources */,
				B7F09AFF2EB51F060055A7BE /* Frameworks */,
				B7F09B002EB51F060055A7BE /* Resources */,
			);
			buildRules = (
			);
			dependencies = (
				B7F09B042EB51F060055A7BE /* PBXTargetDependency */,
			);
			fileSystemSynchronizedGroups = (
				B7F09B052EB51F060055A7BE /* wireguardZoomAutomationUITests */,
			);
			name = wireguardZoomAutomationUITests;
			packageProductDependencies = (
			);
			productName = wireguardZoomAutomationUITests;
			productReference = B7F09B022EB51F060055A7BE /* wireguardZoomAutomationUITests.xctest */;
			productType = "com.apple.product-type.bundle.ui-testing";
		};
		B7F09B182EB51F6C0055A7BE /* ZoomDualUITests */ = {
			isa = PBXNativeTarget;
			buildConfigurationList = B7F09B212EB51F6C0055A7BE /* Build configuration list for PBXNativeTarget "ZoomDualUITests" */;
			buildPhases = (
				B7F09B152EB51F6C0055A7BE /* Sources */,
				B7F09B162EB51F6C0055A7BE /* Frameworks */,
				B7F09B172EB51F6C0055A7BE /* Resources */,
			);
			buildRules = (
			);
			dependencies = (
				B7F09B202EB51F6C0055A7BE /* PBXTargetDependency */,
			);
			fileSystemSynchronizedGroups = (
				B7F09B1A2EB51F6C0055A7BE /* ZoomDualUITests */,
			);
			name = ZoomDualUITests;
			packageProductDependencies = (
			);
			productName = ZoomDualUITests;
			productReference = B7F09B192EB51F6C0055A7BE /* ZoomDualUITests.xctest */;
			productType = "com.apple.product-type.bundle.ui-testing";
		};
/* End PBXNativeTarget section */

/* Begin PBXProject section */
		B7F09AE12EB51F050055A7BE /* Project object */ = {
			isa = PBXProject;
			attributes = {
				BuildIndependentTargetsInParallel = 1;
				LastSwiftUpdateCheck = 2600;
				LastUpgradeCheck = 2600;
				TargetAttributes = {
					B7F09AE82EB51F050055A7BE = {
						CreatedOnToolsVersion = 26.0.1;
					};
					B7F09AF72EB51F060055A7BE = {
						CreatedOnToolsVersion = 26.0.1;
						TestTargetID = B7F09AE82EB51F050055A7BE;
					};
					B7F09B012EB51F060055A7BE = {
						CreatedOnToolsVersion = 26.0.1;
						TestTargetID = B7F09AE82EB51F050055A7BE;
					};
					B7F09B182EB51F6C0055A7BE = {
						CreatedOnToolsVersion = 26.0.1;
						LastSwiftMigration = 2600;
						TestTargetID = B7F09AE82EB51F050055A7BE;
					};
				};
			};
			buildConfigurationList = B7F09AE42EB51F050055A7BE /* Build configuration list for PBXProject "wireguardZoomAutomation" */;
			developmentRegion = en;
			hasScannedForEncodings = 0;
			knownRegions = (
				en,
				Base,
			);
			mainGroup = B7F09AE02EB51F050055A7BE;
			minimizedProjectReferenceProxies = 1;
			preferredProjectObjectVersion = 77;
			productRefGroup = B7F09AEA2EB51F050055A7BE /* Products */;
			projectDirPath = "";
			projectRoot = "";
			targets = (
				B7F09AE82EB51F050055A7BE /* wireguardZoomAutomation */,
				B7F09AF72EB51F060055A7BE /* wireguardZoomAutomationTests */,
				B7F09B012EB51F060055A7BE /* wireguardZoomAutomationUITests */,
				B7F09B182EB51F6C0055A7BE /* ZoomDualUITests */,
			);
		};
/* End PBXProject section */

/* Begin PBXResourcesBuildPhase section */
		B7F09AE72EB51F050055A7BE /* Resources */ = {
			isa = PBXResourcesBuildPhase;
			buildActionMask = 2147483647;
			files = (
			);
			runOnlyForDeploymentPostprocessing = 0;
		};
		B7F09AF62EB51F060055A7BE /* Resources */ = {
			isa = PBXResourcesBuildPhase;
			buildActionMask = 2147483647;
			files = (
			);
			runOnlyForDeploymentPostprocessing = 0;
		};
		B7F09B002EB51F060055A7BE /* Resources */ = {
			isa = PBXResourcesBuildPhase;
			buildActionMask = 2147483647;
			files = (
			);
			runOnlyForDeploymentPostprocessing = 0;
		};
		B7F09B172EB51F6C0055A7BE /* Resources */ = {
			isa = PBXResourcesBuildPhase;
			buildActionMask = 2147483647;
			files = (
			);
			runOnlyForDeploymentPostprocessing = 0;
		};
/* End PBXResourcesBuildPhase section */

/* Begin PBXSourcesBuildPhase section */
		B7F09AE52EB51F050055A7BE /* Sources */ = {
			isa = PBXSourcesBuildPhase;
			buildActionMask = 2147483647;
			files = (
			);
			runOnlyForDeploymentPostprocessing = 0;
		};
		B7F09AF42EB51F060055A7BE /* Sources */ = {
			isa = PBXSourcesBuildPhase;
			buildActionMask = 2147483647;
			files = (
			);
			runOnlyForDeploymentPostprocessing = 0;
		};
		B7F09AFE2EB51F060055A7BE /* Sources */ = {
			isa = PBXSourcesBuildPhase;
			buildActionMask = 2147483647;
			files = (
			);
			runOnlyForDeploymentPostprocessing = 0;
		};
		B7F09B152EB51F6C0055A7BE /* Sources */ = {
			isa = PBXSourcesBuildPhase;
			buildActionMask = 2147483647;
			files = (
			);
			runOnlyForDeploymentPostprocessing = 0;
		};
/* End PBXSourcesBuildPhase section */

/* Begin PBXTargetDependency section */
		B7F09AFA2EB51F060055A7BE /* PBXTargetDependency */ = {
			isa = PBXTargetDependency;
			target = B7F09AE82EB51F050055A7BE /* wireguardZoomAutomation */;
			targetProxy = B7F09AF92EB51F060055A7BE /* PBXContainerItemProxy */;
		};
		B7F09B042EB51F060055A7BE /* PBXTargetDependency */ = {
			isa = PBXTargetDependency;
			target = B7F09AE82EB51F050055A7BE /* wireguardZoomAutomation */;
			targetProxy = B7F09B032EB51F060055A7BE /* PBXContainerItemProxy */;
		};
		B7F09B202EB51F6C0055A7BE /* PBXTargetDependency */ = {
			isa = PBXTargetDependency;
			target = B7F09AE82EB51F050055A7BE /* wireguardZoomAutomation */;
			targetProxy = B7F09B1F2EB51F6C0055A7BE /* PBXContainerItemProxy */;
		};
/* End PBXTargetDependency section */

/* Begin XCBuildConfiguration section */
		B7F09B0A2EB51F060055A7BE /* Debug */ = {
			isa = XCBuildConfiguration;
			buildSettings = {
				ALWAYS_SEARCH_USER_PATHS = NO;
				ASSETCATALOG_COMPILER_GENERATE_SWIFT_ASSET_SYMBOL_EXTENSIONS = YES;
				CLANG_ANALYZER_NONNULL = YES;
				CLANG_ANALYZER_NUMBER_OBJECT_CONVERSION = YES_AGGRESSIVE;
				CLANG_CXX_LANGUAGE_STANDARD = "gnu++20";
				CLANG_ENABLE_MODULES = YES;
				CLANG_ENABLE_OBJC_ARC = YES;
				CLANG_ENABLE_OBJC_WEAK = YES;
				CLANG_WARN_BLOCK_CAPTURE_AUTORELEASING = YES;
				CLANG_WARN_BOOL_CONVERSION = YES;
				CLANG_WARN_COMMA = YES;
				CLANG_WARN_CONSTANT_CONVERSION = YES;
				CLANG_WARN_DEPRECATED_OBJC_IMPLEMENTATIONS = YES;
				CLANG_WARN_DIRECT_OBJC_ISA_USAGE = YES_ERROR;
				CLANG_WARN_DOCUMENTATION_COMMENTS = YES;
				CLANG_WARN_EMPTY_BODY = YES;
				CLANG_WARN_ENUM_CONVERSION = YES;
				CLANG_WARN_INFINITE_RECURSION = YES;
				CLANG_WARN_INT_CONVERSION = YES;
				CLANG_WARN_NON_LITERAL_NULL_CONVERSION = YES;
				CLANG_WARN_OBJC_IMPLICIT_RETAIN_SELF = YES;
				CLANG_WARN_OBJC_LITERAL_CONVERSION = YES;
				CLANG_WARN_OBJC_ROOT_CLASS = YES_ERROR;
				CLANG_WARN_QUOTED_INCLUDE_IN_FRAMEWORK_HEADER = YES;
				CLANG_WARN_RANGE_LOOP_ANALYSIS = YES;
				CLANG_WARN_STRICT_PROTOTYPES = YES;
				CLANG_WARN_SUSPICIOUS_MOVE = YES;
				CLANG_WARN_UNGUARDED_AVAILABILITY = YES_AGGRESSIVE;
				CLANG_WARN_UNREACHABLE_CODE = YES;
				CLANG_WARN__DUPLICATE_METHOD_MATCH = YES;
				COPY_PHASE_STRIP = NO;
				DEBUG_INFORMATION_FORMAT = dwarf;
				DEVELOPMENT_TEAM = 8PL8M7Y7H2;
				ENABLE_STRICT_OBJC_MSGSEND = YES;
				ENABLE_TESTABILITY = YES;
				ENABLE_USER_SCRIPT_SANDBOXING = YES;
				GCC_C_LANGUAGE_STANDARD = gnu17;
				GCC_DYNAMIC_NO_PIC = NO;
				GCC_NO_COMMON_BLOCKS = YES;
				GCC_OPTIMIZATION_LEVEL = 0;
				GCC_PREPROCESSOR_DEFINITIONS = (
					"DEBUG=1",
					"$(inherited)",
				);
				GCC_WARN_64_TO_32_BIT_CONVERSION = YES;
				GCC_WARN_ABOUT_RETURN_TYPE = YES_ERROR;
				GCC_WARN_UNDECLARED_SELECTOR = YES;
				GCC_WARN_UNINITIALIZED_AUTOS = YES_AGGRESSIVE;
				GCC_WARN_UNUSED_FUNCTION = YES;
				GCC_WARN_UNUSED_VARIABLE = YES;
				LOCALIZATION_PREFERS_STRING_CATALOGS = YES;
				MTL_ENABLE_DEBUG_INFO = INCLUDE_SOURCE;
				MTL_FAST_MATH = YES;
				ONLY_ACTIVE_ARCH = YES;
				SWIFT_ACTIVE_COMPILATION_CONDITIONS = "DEBUG $(inherited)";
				SWIFT_OPTIMIZATION_LEVEL = "-Onone";
			};
			name = Debug;
		};
		B7F09B0B2EB51F060055A7BE /* Release */ = {
			isa = XCBuildConfiguration;
			buildSettings = {
				ALWAYS_SEARCH_USER_PATHS = NO;
				ASSETCATALOG_COMPILER_GENERATE_SWIFT_ASSET_SYMBOL_EXTENSIONS = YES;
				CLANG_ANALYZER_NONNULL = YES;
				CLANG_ANALYZER_NUMBER_OBJECT_CONVERSION = YES_AGGRESSIVE;
				CLANG_CXX_LANGUAGE_STANDARD = "gnu++20";
				CLANG_ENABLE_MODULES = YES;
				CLANG_ENABLE_OBJC_ARC = YES;
				CLANG_ENABLE_OBJC_WEAK = YES;
				CLANG_WARN_BLOCK_CAPTURE_AUTORELEASING = YES;
				CLANG_WARN_BOOL_CONVERSION = YES;
				CLANG_WARN_COMMA = YES;
				CLANG_WARN_CONSTANT_CONVERSION = YES;
				CLANG_WARN_DEPRECATED_OBJC_IMPLEMENTATIONS = YES;
				CLANG_WARN_DIRECT_OBJC_ISA_USAGE = YES_ERROR;
				CLANG_WARN_DOCUMENTATION_COMMENTS = YES;
				CLANG_WARN_EMPTY_BODY = YES;
				CLANG_WARN_ENUM_CONVERSION = YES;
				CLANG_WARN_INFINITE_RECURSION = YES;
				CLANG_WARN_INT_CONVERSION = YES;
				CLANG_WARN_NON_LITERAL_NULL_CONVERSION = YES;
				CLANG_WARN_OBJC_IMPLICIT_RETAIN_SELF = YES;
				CLANG_WARN_OBJC_LITERAL_CONVERSION = YES;
				CLANG_WARN_OBJC_ROOT_CLASS = YES_ERROR;
				CLANG_WARN_QUOTED_INCLUDE_IN_FRAMEWORK_HEADER = YES;
				CLANG_WARN_RANGE_LOOP_ANALYSIS = YES;
				CLANG_WARN_STRICT_PROTOTYPES = YES;
				CLANG_WARN_SUSPICIOUS_MOVE = YES;
				CLANG_WARN_UNGUARDED_AVAILABILITY = YES_AGGRESSIVE;
				CLANG_WARN_UNREACHABLE_CODE = YES;
				CLANG_WARN__DUPLICATE_METHOD_MATCH = YES;
				COPY_PHASE_STRIP = NO;
				DEBUG_INFORMATION_FORMAT = "dwarf-with-dsym";
				DEVELOPMENT_TEAM = 8PL8M7Y7H2;
				ENABLE_NS_ASSERTIONS = NO;
				ENABLE_STRICT_OBJC_MSGSEND = YES;
				ENABLE_USER_SCRIPT_SANDBOXING = YES;
				GCC_C_LANGUAGE_STANDARD = gnu17;
				GCC_NO_COMMON_BLOCKS = YES;
				GCC_WARN_64_TO_32_BIT_CONVERSION = YES;
				GCC_WARN_ABOUT_RETURN_TYPE = YES_ERROR;
				GCC_WARN_UNDECLARED_SELECTOR = YES;
				GCC_WARN_UNINITIALIZED_AUTOS = YES_AGGRESSIVE;
				GCC_WARN_UNUSED_FUNCTION = YES;
				GCC_WARN_UNUSED_VARIABLE = YES;
				LOCALIZATION_PREFERS_STRING_CATALOGS = YES;
				MTL_ENABLE_DEBUG_INFO = NO;
				MTL_FAST_MATH = YES;
				SWIFT_COMPILATION_MODE = wholemodule;
			};
			name = Release;
		};
		B7F09B0D2EB51F060055A7BE /* Debug */ = {
			isa = XCBuildConfiguration;
			buildSettings = {
				ASSETCATALOG_COMPILER_APPICON_NAME = AppIcon;
				ASSETCATALOG_COMPILER_GLOBAL_ACCENT_COLOR_NAME = AccentColor;
				CODE_SIGN_STYLE = Automatic;
				CURRENT_PROJECT_VERSION = 1;
				DEVELOPMENT_TEAM = 8PL8M7Y7H2;
				ENABLE_APP_SANDBOX = YES;
				ENABLE_HARDENED_RUNTIME = YES;
				ENABLE_PREVIEWS = YES;
				ENABLE_USER_SELECTED_FILES = readonly;
				GENERATE_INFOPLIST_FILE = YES;
				"INFOPLIST_KEY_UIApplicationSceneManifest_Generation[sdk=iphoneos*]" = YES;
				"INFOPLIST_KEY_UIApplicationSceneManifest_Generation[sdk=iphonesimulator*]" = YES;
				"INFOPLIST_KEY_UIApplicationSupportsIndirectInputEvents[sdk=iphoneos*]" = YES;
				"INFOPLIST_KEY_UIApplicationSupportsIndirectInputEvents[sdk=iphonesimulator*]" = YES;
				"INFOPLIST_KEY_UILaunchScreen_Generation[sdk=iphoneos*]" = YES;
				"INFOPLIST_KEY_UILaunchScreen_Generation[sdk=iphonesimulator*]" = YES;
				"INFOPLIST_KEY_UIStatusBarStyle[sdk=iphoneos*]" = UIStatusBarStyleDefault;
				"INFOPLIST_KEY_UIStatusBarStyle[sdk=iphonesimulator*]" = UIStatusBarStyleDefault;
				INFOPLIST_KEY_UISupportedInterfaceOrientations_iPad = "UIInterfaceOrientationPortrait UIInterfaceOrientationPortraitUpsideDown UIInterfaceOrientationLandscapeLeft UIInterfaceOrientationLandscapeRight";
				INFOPLIST_KEY_UISupportedInterfaceOrientations_iPhone = "UIInterfaceOrientationPortrait UIInterfaceOrientationLandscapeLeft UIInterfaceOrientationLandscapeRight";
				IPHONEOS_DEPLOYMENT_TARGET = 17.6;
				LD_RUNPATH_SEARCH_PATHS = "@executable_path/Frameworks";
				"LD_RUNPATH_SEARCH_PATHS[sdk=macosx*]" = "@executable_path/../Frameworks";
				MACOSX_DEPLOYMENT_TARGET = 12.4;
				MARKETING_VERSION = 1.0;
				PRODUCT_BUNDLE_IDENTIFIER = automation.wireguardZoomAutomation;
				PRODUCT_NAME = "$(TARGET_NAME)";
				REGISTER_APP_GROUPS = YES;
				SDKROOT = auto;
				STRING_CATALOG_GENERATE_SYMBOLS = YES;
				SUPPORTED_PLATFORMS = "iphoneos iphonesimulator macosx xros xrsimulator";
				SWIFT_APPROACHABLE_CONCURRENCY = YES;
				SWIFT_DEFAULT_ACTOR_ISOLATION = MainActor;
				SWIFT_EMIT_LOC_STRINGS = YES;
				SWIFT_UPCOMING_FEATURE_MEMBER_IMPORT_VISIBILITY = YES;
				SWIFT_VERSION = 5.0;
				TARGETED_DEVICE_FAMILY = "1,2,7";
				XROS_DEPLOYMENT_TARGET = 1.3;
			};
			name = Debug;
		};
		B7F09B0E2EB51F060055A7BE /* Release */ = {
			isa = XCBuildConfiguration;
			buildSettings = {
				ASSETCATALOG_COMPILER_APPICON_NAME = AppIcon;
				ASSETCATALOG_COMPILER_GLOBAL_ACCENT_COLOR_NAME = AccentColor;
				CODE_SIGN_STYLE = Automatic;
				CURRENT_PROJECT_VERSION = 1;
				DEVELOPMENT_TEAM = 8PL8M7Y7H2;
				ENABLE_APP_SANDBOX = YES;
				ENABLE_HARDENED_RUNTIME = YES;
				ENABLE_PREVIEWS = YES;
				ENABLE_USER_SELECTED_FILES = readonly;
				GENERATE_INFOPLIST_FILE = YES;
				"INFOPLIST_KEY_UIApplicationSceneManifest_Generation[sdk=iphoneos*]" = YES;
				"INFOPLIST_KEY_UIApplicationSceneManifest_Generation[sdk=iphonesimulator*]" = YES;
				"INFOPLIST_KEY_UIApplicationSupportsIndirectInputEvents[sdk=iphoneos*]" = YES;
				"INFOPLIST_KEY_UIApplicationSupportsIndirectInputEvents[sdk=iphonesimulator*]" = YES;
				"INFOPLIST_KEY_UILaunchScreen_Generation[sdk=iphoneos*]" = YES;
				"INFOPLIST_KEY_UILaunchScreen_Generation[sdk=iphonesimulator*]" = YES;
				"INFOPLIST_KEY_UIStatusBarStyle[sdk=iphoneos*]" = UIStatusBarStyleDefault;
				"INFOPLIST_KEY_UIStatusBarStyle[sdk=iphonesimulator*]" = UIStatusBarStyleDefault;
				INFOPLIST_KEY_UISupportedInterfaceOrientations_iPad = "UIInterfaceOrientationPortrait UIInterfaceOrientationPortraitUpsideDown UIInterfaceOrientationLandscapeLeft UIInterfaceOrientationLandscapeRight";
				INFOPLIST_KEY_UISupportedInterfaceOrientations_iPhone = "UIInterfaceOrientationPortrait UIInterfaceOrientationLandscapeLeft UIInterfaceOrientationLandscapeRight";
				IPHONEOS_DEPLOYMENT_TARGET = 17.6;
				LD_RUNPATH_SEARCH_PATHS = "@executable_path/Frameworks";
				"LD_RUNPATH_SEARCH_PATHS[sdk=macosx*]" = "@executable_path/../Frameworks";
				MACOSX_DEPLOYMENT_TARGET = 12.4;
				MARKETING_VERSION = 1.0;
				PRODUCT_BUNDLE_IDENTIFIER = automation.wireguardZoomAutomation;
				PRODUCT_NAME = "$(TARGET_NAME)";
				REGISTER_APP_GROUPS = YES;
				SDKROOT = auto;
				STRING_CATALOG_GENERATE_SYMBOLS = YES;
				SUPPORTED_PLATFORMS = "iphoneos iphonesimulator macosx xros xrsimulator";
				SWIFT_APPROACHABLE_CONCURRENCY = YES;
				SWIFT_DEFAULT_ACTOR_ISOLATION = MainActor;
				SWIFT_EMIT_LOC_STRINGS = YES;
				SWIFT_UPCOMING_FEATURE_MEMBER_IMPORT_VISIBILITY = YES;
				SWIFT_VERSION = 5.0;
				TARGETED_DEVICE_FAMILY = "1,2,7";
				XROS_DEPLOYMENT_TARGET = 1.3;
			};
			name = Release;
		};
		B7F09B102EB51F060055A7BE /* Debug */ = {
			isa = XCBuildConfiguration;
			buildSettings = {
				BUNDLE_LOADER = "$(TEST_HOST)";
				CODE_SIGN_STYLE = Automatic;
				CURRENT_PROJECT_VERSION = 1;
				DEVELOPMENT_TEAM = 8PL8M7Y7H2;
				GENERATE_INFOPLIST_FILE = YES;
				IPHONEOS_DEPLOYMENT_TARGET = 17.6;
				MACOSX_DEPLOYMENT_TARGET = 12.4;
				MARKETING_VERSION = 1.0;
				PRODUCT_BUNDLE_IDENTIFIER = automation.wireguardZoomAutomationTests;
				PRODUCT_NAME = "$(TARGET_NAME)";
				SDKROOT = auto;
				STRING_CATALOG_GENERATE_SYMBOLS = NO;
				SUPPORTED_PLATFORMS = "iphoneos iphonesimulator macosx xros xrsimulator";
				SWIFT_APPROACHABLE_CONCURRENCY = YES;
				SWIFT_EMIT_LOC_STRINGS = NO;
				SWIFT_UPCOMING_FEATURE_MEMBER_IMPORT_VISIBILITY = YES;
				SWIFT_VERSION = 5.0;
				TARGETED_DEVICE_FAMILY = "1,2,7";
				TEST_HOST = "$(BUILT_PRODUCTS_DIR)/wireguardZoomAutomation.app/$(BUNDLE_EXECUTABLE_FOLDER_PATH)/wireguardZoomAutomation";
				XROS_DEPLOYMENT_TARGET = 1.3;
			};
			name = Debug;
		};
		B7F09B112EB51F060055A7BE /* Release */ = {
			isa = XCBuildConfiguration;
			buildSettings = {
				BUNDLE_LOADER = "$(TEST_HOST)";
				CODE_SIGN_STYLE = Automatic;
				CURRENT_PROJECT_VERSION = 1;
				DEVELOPMENT_TEAM = 8PL8M7Y7H2;
				GENERATE_INFOPLIST_FILE = YES;
				IPHONEOS_DEPLOYMENT_TARGET = 17.6;
				MACOSX_DEPLOYMENT_TARGET = 12.4;
				MARKETING_VERSION = 1.0;
				PRODUCT_BUNDLE_IDENTIFIER = automation.wireguardZoomAutomationTests;
				PRODUCT_NAME = "$(TARGET_NAME)";
				SDKROOT = auto;
				STRING_CATALOG_GENERATE_SYMBOLS = NO;
				SUPPORTED_PLATFORMS = "iphoneos iphonesimulator macosx xros xrsimulator";
				SWIFT_APPROACHABLE_CONCURRENCY = YES;
				SWIFT_EMIT_LOC_STRINGS = NO;
				SWIFT_UPCOMING_FEATURE_MEMBER_IMPORT_VISIBILITY = YES;
				SWIFT_VERSION = 5.0;
				TARGETED_DEVICE_FAMILY = "1,2,7";
				TEST_HOST = "$(BUILT_PRODUCTS_DIR)/wireguardZoomAutomation.app/$(BUNDLE_EXECUTABLE_FOLDER_PATH)/wireguardZoomAutomation";
				XROS_DEPLOYMENT_TARGET = 1.3;
			};
			name = Release;
		};
		B7F09B132EB51F060055A7BE /* Debug */ = {
			isa = XCBuildConfiguration;
			buildSettings = {
				CODE_SIGN_STYLE = Automatic;
				CURRENT_PROJECT_VERSION = 1;
				DEVELOPMENT_TEAM = 8PL8M7Y7H2;
				GENERATE_INFOPLIST_FILE = YES;
				IPHONEOS_DEPLOYMENT_TARGET = 17.6;
				MACOSX_DEPLOYMENT_TARGET = 12.4;
				MARKETING_VERSION = 1.0;
				PRODUCT_BUNDLE_IDENTIFIER = automation.wireguardZoomAutomationUITests;
				PRODUCT_NAME = "$(TARGET_NAME)";
				SDKROOT = auto;
				STRING_CATALOG_GENERATE_SYMBOLS = NO;
				SUPPORTED_PLATFORMS = "iphoneos iphonesimulator macosx xros xrsimulator";
				SWIFT_APPROACHABLE_CONCURRENCY = YES;
				SWIFT_EMIT_LOC_STRINGS = NO;
				SWIFT_UPCOMING_FEATURE_MEMBER_IMPORT_VISIBILITY = YES;
				SWIFT_VERSION = 5.0;
				TARGETED_DEVICE_FAMILY = "1,2,7";
				TEST_TARGET_NAME = wireguardZoomAutomation;
				XROS_DEPLOYMENT_TARGET = 1.3;
			};
			name = Debug;
		};
		B7F09B142EB51F060055A7BE /* Release */ = {
			isa = XCBuildConfiguration;
			buildSettings = {
				CODE_SIGN_STYLE = Automatic;
				CURRENT_PROJECT_VERSION = 1;
				DEVELOPMENT_TEAM = 8PL8M7Y7H2;
				GENERATE_INFOPLIST_FILE = YES;
				IPHONEOS_DEPLOYMENT_TARGET = 17.6;
				MACOSX_DEPLOYMENT_TARGET = 12.4;
				MARKETING_VERSION = 1.0;
				PRODUCT_BUNDLE_IDENTIFIER = automation.wireguardZoomAutomationUITests;
				PRODUCT_NAME = "$(TARGET_NAME)";
				SDKROOT = auto;
				STRING_CATALOG_GENERATE_SYMBOLS = NO;
				SUPPORTED_PLATFORMS = "iphoneos iphonesimulator macosx xros xrsimulator";
				SWIFT_APPROACHABLE_CONCURRENCY = YES;
				SWIFT_EMIT_LOC_STRINGS = NO;
				SWIFT_UPCOMING_FEATURE_MEMBER_IMPORT_VISIBILITY = YES;
				SWIFT_VERSION = 5.0;
				TARGETED_DEVICE_FAMILY = "1,2,7";
				TEST_TARGET_NAME = wireguardZoomAutomation;
				XROS_DEPLOYMENT_TARGET = 1.3;
			};
			name = Release;
		};
		B7F09B222EB51F6C0055A7BE /* Debug */ = {
			isa = XCBuildConfiguration;
			buildSettings = {
				CLANG_ENABLE_MODULES = YES;
				CODE_SIGN_STYLE = Automatic;
				CURRENT_PROJECT_VERSION = 1;
				DEVELOPMENT_TEAM = 8PL8M7Y7H2;
				GENERATE_INFOPLIST_FILE = YES;
				IPHONEOS_DEPLOYMENT_TARGET = 17.6;
				MARKETING_VERSION = 1.0;
				PRODUCT_BUNDLE_IDENTIFIER = automation.ZoomDualUITests;
				PRODUCT_NAME = "$(TARGET_NAME)";
				SDKROOT = iphoneos;
				STRING_CATALOG_GENERATE_SYMBOLS = NO;
				SWIFT_APPROACHABLE_CONCURRENCY = YES;
				SWIFT_EMIT_LOC_STRINGS = NO;
				SWIFT_OPTIMIZATION_LEVEL = "-Onone";
				SWIFT_UPCOMING_FEATURE_MEMBER_IMPORT_VISIBILITY = YES;
				SWIFT_VERSION = 5.0;
				TARGETED_DEVICE_FAMILY = "1,2";
				TEST_TARGET_NAME = wireguardZoomAutomation;
			};
			name = Debug;
		};
		B7F09B232EB51F6C0055A7BE /* Release */ = {
			isa = XCBuildConfiguration;
			buildSettings = {
				CLANG_ENABLE_MODULES = YES;
				CODE_SIGN_STYLE = Automatic;
				CURRENT_PROJECT_VERSION = 1;
				DEVELOPMENT_TEAM = 8PL8M7Y7H2;
				GENERATE_INFOPLIST_FILE = YES;
				IPHONEOS_DEPLOYMENT_TARGET = 17.6;
				MARKETING_VERSION = 1.0;
				PRODUCT_BUNDLE_IDENTIFIER = automation.ZoomDualUITests;
				PRODUCT_NAME = "$(TARGET_NAME)";
				SDKROOT = iphoneos;
				STRING_CATALOG_GENERATE_SYMBOLS = NO;
				SWIFT_APPROACHABLE_CONCURRENCY = YES;
				SWIFT_EMIT_LOC_STRINGS = NO;
				SWIFT_UPCOMING_FEATURE_MEMBER_IMPORT_VISIBILITY = YES;
				SWIFT_VERSION = 5.0;
				TARGETED_DEVICE_FAMILY = "1,2";
				TEST_TARGET_NAME = wireguardZoomAutomation;
				VALIDATE_PRODUCT = YES;
			};
			name = Release;
		};
/* End XCBuildConfiguration section */

/* Begin XCConfigurationList section */
		B7F09AE42EB51F050055A7BE /* Build configuration list for PBXProject "wireguardZoomAutomation" */ = {
			isa = XCConfigurationList;
			buildConfigurations = (
				B7F09B0A2EB51F060055A7BE /* Debug */,
				B7F09B0B2EB51F060055A7BE /* Release */,
			);
			defaultConfigurationIsVisible = 0;
			defaultConfigurationName = Release;
		};
		B7F09B0C2EB51F060055A7BE /* Build configuration list for PBXNativeTarget "wireguardZoomAutomation" */ = {
			isa = XCConfigurationList;
			buildConfigurations = (
				B7F09B0D2EB51F060055A7BE /* Debug */,
				B7F09B0E2EB51F060055A7BE /* Release */,
			);
			defaultConfigurationIsVisible = 0;
			defaultConfigurationName = Release;
		};
		B7F09B0F2EB51F060055A7BE /* Build configuration list for PBXNativeTarget "wireguardZoomAutomationTests" */ = {
			isa = XCConfigurationList;
			buildConfigurations = (
				B7F09B102EB51F060055A7BE /* Debug */,
				B7F09B112EB51F060055A7BE /* Release */,
			);
			defaultConfigurationIsVisible = 0;
			defaultConfigurationName = Release;
		};
		B7F09B122EB51F060055A7BE /* Build configuration list for PBXNativeTarget "wireguardZoomAutomationUITests" */ = {
			isa = XCConfigurationList;
			buildConfigurations = (
				B7F09B132EB51F060055A7BE /* Debug */,
				B7F09B142EB51F060055A7BE /* Release */,
			);
			defaultConfigurationIsVisible = 0;
			defaultConfigurationName = Release;
		};
		B7F09B212EB51F6C0055A7BE /* Build configuration list for PBXNativeTarget "ZoomDualUITests" */ = {
			isa = XCConfigurationList;
			buildConfigurations = (
				B7F09B222EB51F6C0055A7BE /* Debug */,
				B7F09B232EB51F6C0055A7BE /* Release */,
			);
			defaultConfigurationIsVisible = 0;
			defaultConfigurationName = Release;
		};
/* End XCConfigurationList section */
	};
	rootObject = B7F09AE12EB51F050055A7BE /* Project object */;
}
